{
  "projects": [
    {
      "projectId": "95xp9cYcv7HrNWpFWWhbcv",
      "version": "2.2.1",
      "dependencies": {},
      "lang": "ts",
      "fileLocks": [
        {
          "assetId": "95xp9cYcv7HrNWpFWWhbcv",
          "type": "projectCss",
          "checksum": "0ea7f316b00bbf58eb1d8d191c060be3"
        },
        {
          "type": "image",
          "assetId": "pAcQ-9j-MkaY",
          "checksum": "c263e67c06cb18ec9feeae243a6f8fa0"
        }
      ],
      "codegenVersion": "0.0.1"
    },
    {
      "projectId": "vn4GCfRoYe35APzZGsNDnF",
      "version": "latest",
      "dependencies": {
        "95xp9cYcv7HrNWpFWWhbcv": "2.2.1"
      },
      "lang": "ts",
      "fileLocks": [
        {
          "type": "globalVariant",
          "assetId": "-7b4JcqpiMNuGn",
          "checksum": "155737bb66fce70d6b7e62bfaede6f43"
        },
        {
          "assetId": "vn4GCfRoYe35APzZGsNDnF",
          "checksum": "4edabf6ded072a31156441ee0e797ada",
          "type": "globalContexts"
        },
        {
          "type": "renderModule",
          "assetId": "dv9qw-MMxIGQ3",
          "checksum": "2090aaa2cd438ccff7ebf51483aad4c8"
        },
        {
          "type": "cssRules",
          "assetId": "dv9qw-MMxIGQ3",
          "checksum": "2090aaa2cd438ccff7ebf51483aad4c8"
        },
        {
          "type": "renderModule",
          "assetId": "_gxfyOiD26jFy",
          "checksum": "8fcb7855121df136948e2b515c2e45a1"
        },
        {
          "type": "cssRules",
          "assetId": "_gxfyOiD26jFy",
          "checksum": "8fcb7855121df136948e2b515c2e45a1"
        },
        {
          "type": "renderModule",
          "assetId": "HEtuu_qCUDpai",
          "checksum": "29e81a3a64f4753e1e1304c5421fcbc0"
        },
        {
          "type": "cssRules",
          "assetId": "HEtuu_qCUDpai",
          "checksum": "29e81a3a64f4753e1e1304c5421fcbc0"
        },
        {
          "type": "renderModule",
          "assetId": "GCfRhgbsLCs4E",
          "checksum": "2b26803972acf3883b308ed6cda9f140"
        },
        {
          "type": "cssRules",
          "assetId": "GCfRhgbsLCs4E",
          "checksum": "2b26803972acf3883b308ed6cda9f140"
        },
        {
          "type": "renderModule",
          "assetId": "nH5iseI9bs8m34",
          "checksum": "0e86a2e6847f6723a2112d5b59405b03"
        },
        {
          "type": "cssRules",
          "assetId": "nH5iseI9bs8m34",
          "checksum": "0e86a2e6847f6723a2112d5b59405b03"
        },
        {
          "type": "renderModule",
          "assetId": "iNyke70nGoPOKT",
          "checksum": "206e06f920d06380cd47603fb5867dea"
        },
        {
          "type": "cssRules",
          "assetId": "iNyke70nGoPOKT",
          "checksum": "206e06f920d06380cd47603fb5867dea"
        },
        {
          "type": "renderModule",
          "assetId": "ebwNt8o70vdJfl",
          "checksum": "db500fb0e8e1d3ee70f34a6af000c77c"
        },
        {
          "type": "cssRules",
          "assetId": "ebwNt8o70vdJfl",
          "checksum": "db500fb0e8e1d3ee70f34a6af000c77c"
        },
        {
          "type": "renderModule",
          "assetId": "Ut_4sWTqalBqM5",
          "checksum": "4b3f504be37cf2b30aaf70c59588ba2e"
        },
        {
          "type": "cssRules",
          "assetId": "Ut_4sWTqalBqM5",
          "checksum": "4b3f504be37cf2b30aaf70c59588ba2e"
        },
        {
          "type": "renderModule",
          "assetId": "r8X98dJYm7GeAX",
          "checksum": "fdcb85733c4fef9d7f9e1d7d39cf64af"
        },
        {
          "type": "cssRules",
          "assetId": "r8X98dJYm7GeAX",
          "checksum": "fdcb85733c4fef9d7f9e1d7d39cf64af"
        },
        {
          "type": "renderModule",
          "assetId": "STFktgEGldddDo",
          "checksum": "15a6c982bf32e7c54c1896ce4d57398a"
        },
        {
          "type": "cssRules",
          "assetId": "STFktgEGldddDo",
          "checksum": "15a6c982bf32e7c54c1896ce4d57398a"
        },
        {
          "type": "renderModule",
          "assetId": "3WSrLSDMSkvMlu",
          "checksum": "c4c673beef3cba238851ff02974b1212"
        },
        {
          "type": "cssRules",
          "assetId": "3WSrLSDMSkvMlu",
          "checksum": "c4c673beef3cba238851ff02974b1212"
        },
        {
          "type": "renderModule",
          "assetId": "WjKEpmN7XX2qVX",
          "checksum": "94baa8901304b8152ec9ac18a96c311c"
        },
        {
          "type": "cssRules",
          "assetId": "WjKEpmN7XX2qVX",
          "checksum": "94baa8901304b8152ec9ac18a96c311c"
        },
        {
          "type": "renderModule",
          "assetId": "RN8SoV_Y6fgMzV",
          "checksum": "7960e502bc58ec005795eac33da218ce"
        },
        {
          "type": "cssRules",
          "assetId": "RN8SoV_Y6fgMzV",
          "checksum": "7960e502bc58ec005795eac33da218ce"
        },
        {
          "type": "renderModule",
          "assetId": "xkAYXInzzC2Et5",
          "checksum": "6a116bf13a4bf664fa1c5dcbec56d77c"
        },
        {
          "type": "cssRules",
          "assetId": "xkAYXInzzC2Et5",
          "checksum": "6a116bf13a4bf664fa1c5dcbec56d77c"
        },
        {
          "type": "renderModule",
          "assetId": "GaFy0B6nir_9z0",
          "checksum": "160050db02f11b14aea322a329d2aa7e"
        },
        {
          "type": "cssRules",
          "assetId": "GaFy0B6nir_9z0",
          "checksum": "160050db02f11b14aea322a329d2aa7e"
        },
        {
          "type": "renderModule",
          "assetId": "N02-n_p-e8",
          "checksum": "b0a91d299c06e2c70ec72249cbf4e57a"
        },
        {
          "type": "cssRules",
          "assetId": "N02-n_p-e8",
          "checksum": "b0a91d299c06e2c70ec72249cbf4e57a"
        },
        {
          "type": "icon",
          "assetId": "1vf-VilJfxtMgF",
          "checksum": "64e368d44035ca32fb5e8deb159f4ca8"
        },
        {
          "type": "icon",
          "assetId": "MCFtU6nrBV2xxK",
          "checksum": "9dcdbdde75fdb94109ab902bf1a32c34"
        },
        {
          "type": "icon",
          "assetId": "VvfIq5mXaQPSnt",
          "checksum": "14e64ef35b8309bcbc7f83a88c6de7ee"
        },
        {
          "type": "icon",
          "assetId": "uTuF4RGkjBOXGP",
          "checksum": "93615fdd21f1f2af81bd869ecee2183d"
        },
        {
          "type": "icon",
          "assetId": "LA7TScipP25zOl",
          "checksum": "bc8e2f85546bbf72c976cbac5cf16b63"
        },
        {
          "type": "icon",
          "assetId": "0N7_4VlElxuX3U",
          "checksum": "2a25986635fbe5ae5813cba9b6f8bb0a"
        },
        {
          "type": "icon",
          "assetId": "6-94mdzLN7_WkX",
          "checksum": "55639759a820a24738841fdcbf958edd"
        },
        {
          "type": "icon",
          "assetId": "avfRMLSCqXyHWi",
          "checksum": "44dbedb2bf6b9dc40d4053b6aa70cfde"
        },
        {
          "type": "image",
          "assetId": "NrqgcyWcuhEDVO",
          "checksum": "0c4c1fed866cd5dd9c63d47ba53a3d48"
        },
        {
          "assetId": "vn4GCfRoYe35APzZGsNDnF",
          "type": "projectCss",
          "checksum": "23b613cf65aecefb2d82d13316eeffa3"
        }
      ],
      "codegenVersion": "0.0.1"
    }
  ],
  "cliVersion": "0.1.216"
}
